
Microsoft Visual Studio Solution File, Format Version 12.00
# Visual Studio Version 17
VisualStudioVersion = 17.4.33213.308
MinimumVisualStudioVersion = 10.0.40219.1
Project("{FAE04EC0-301F-11D3-BF4B-00C04F79EFBC}") = "301167069MelAnonuevo_Lab1", "301167069MelAnonuevo_Lab1\301167069MelAnonuevo_Lab1.csproj", "{FEEC332B-FAFF-495A-B752-60D830056735}"
EndProject
Project("{FAE04EC0-301F-11D3-BF4B-00C04F79EFBC}") = "BucketOps", "BucketOps\BucketOps.csproj", "{B56447DD-FCC6-4ECB-814A-B54C8BDE60E7}"
EndProject
Project("{FAE04EC0-301F-11D3-BF4B-00C04F79EFBC}") = "ObjectLevelOps", "ObjectLevelOps\ObjectLevelOps.csproj", "{7BB3B4EC-FD56-419C-A400-E159F8084227}"
EndProject
Global
	GlobalSection(SolutionConfigurationPlatforms) = preSolution
		Debug|Any CPU = Debug|Any CPU
		Release|Any CPU = Release|Any CPU
	EndGlobalSection
	GlobalSection(ProjectConfigurationPlatforms) = postSolution
		{FEEC332B-FAFF-495A-B752-60D830056735}.Debug|Any CPU.ActiveCfg = Debug|Any CPU
		{FEEC332B-FAFF-495A-B752-60D830056735}.Debug|Any CPU.Build.0 = Debug|Any CPU
		{FEEC332B-FAFF-495A-B752-60D830056735}.Release|Any CPU.ActiveCfg = Release|Any CPU
		{FEEC332B-FAFF-495A-B752-60D830056735}.Release|Any CPU.Build.0 = Release|Any CPU
		{B56447DD-FCC6-4ECB-814A-B54C8BDE60E7}.Debug|Any CPU.ActiveCfg = Debug|Any CPU
		{B56447DD-FCC6-4ECB-814A-B54C8BDE60E7}.Debug|Any CPU.Build.0 = Debug|Any CPU
		{B56447DD-FCC6-4ECB-814A-B54C8BDE60E7}.Release|Any CPU.ActiveCfg = Release|Any CPU
		{B56447DD-FCC6-4ECB-814A-B54C8BDE60E7}.Release|Any CPU.Build.0 = Release|Any CPU
		{7BB3B4EC-FD56-419C-A400-E159F8084227}.Debug|Any CPU.ActiveCfg = Debug|Any CPU
		{7BB3B4EC-FD56-419C-A400-E159F8084227}.Debug|Any CPU.Build.0 = Debug|Any CPU
		{7BB3B4EC-FD56-419C-A400-E159F8084227}.Release|Any CPU.ActiveCfg = Release|Any CPU
		{7BB3B4EC-FD56-419C-A400-E159F8084227}.Release|Any CPU.Build.0 = Release|Any CPU
	EndGlobalSection
	GlobalSection(SolutionProperties) = preSolution
		HideSolutionNode = FALSE
	EndGlobalSection
	GlobalSection(ExtensibilityGlobals) = postSolution
		SolutionGuid = {D939058F-9C15-4DB4-90E8-AF0A13521A1E}
	EndGlobalSection
EndGlobal
